// !$*UTF8*$!
{
	archiveVersion = 1;
	classes = {
	};
	objectVersion = 50;
	objects = {

/* Begin PBXBuildFile section */
		992B4DB822237F0F0011D05B /* StudentLocationRecord.swift in Sources */ = {isa = PBXBuildFile; fileRef = 992B4DB722237F0F0011D05B /* StudentLocationRecord.swift */; };
		992B4DBA22237FB90011D05B /* StudentsLocationsResponse.swift in Sources */ = {isa = PBXBuildFile; fileRef = 992B4DB922237FB90011D05B /* StudentsLocationsResponse.swift */; };
		992B4DBC222380250011D05B /* ParsePostResponse.swift in Sources */ = {isa = PBXBuildFile; fileRef = 992B4DBB222380250011D05B /* ParsePostResponse.swift */; };
		992B4DBE222380BC0011D05B /* ParseResponse.swift in Sources */ = {isa = PBXBuildFile; fileRef = 992B4DBD222380BC0011D05B /* ParseResponse.swift */; };
		99337D1B2213B66D00BC0AE9 /* ParseClient.swift in Sources */ = {isa = PBXBuildFile; fileRef = 99337D1A2213B66D00BC0AE9 /* ParseClient.swift */; };
		99337D1D2213B8B400BC0AE9 /* StudentLocation.swift in Sources */ = {isa = PBXBuildFile; fileRef = 99337D1C2213B8B400BC0AE9 /* StudentLocation.swift */; };
		99337D222213BDC100BC0AE9 /* UdacityClient.swift in Sources */ = {isa = PBXBuildFile; fileRef = 99337D212213BDC100BC0AE9 /* UdacityClient.swift */; };
		99337D242213BF1900BC0AE9 /* LoginRequest.swift in Sources */ = {isa = PBXBuildFile; fileRef = 99337D232213BF1900BC0AE9 /* LoginRequest.swift */; };
		996BFE672239E9D8002B2D58 /* MapViewController.swift in Sources */ = {isa = PBXBuildFile; fileRef = 996BFE662239E9D8002B2D58 /* MapViewController.swift */; };
		9972A6D52210F2C5001BB7CB /* AppDelegate.swift in Sources */ = {isa = PBXBuildFile; fileRef = 9972A6D42210F2C5001BB7CB /* AppDelegate.swift */; };
		9972A6D72210F2C5001BB7CB /* LoginViewController.swift in Sources */ = {isa = PBXBuildFile; fileRef = 9972A6D62210F2C5001BB7CB /* LoginViewController.swift */; };
		9972A6DA2210F2C5001BB7CB /* Main.storyboard in Resources */ = {isa = PBXBuildFile; fileRef = 9972A6D82210F2C5001BB7CB /* Main.storyboard */; };
		9972A6DC2210F2C7001BB7CB /* Assets.xcassets in Resources */ = {isa = PBXBuildFile; fileRef = 9972A6DB2210F2C7001BB7CB /* Assets.xcassets */; };
		9972A6DF2210F2C7001BB7CB /* LaunchScreen.storyboard in Resources */ = {isa = PBXBuildFile; fileRef = 9972A6DD2210F2C7001BB7CB /* LaunchScreen.storyboard */; };
		9984DC7C2224CDD9002BD72D /* LoginResponse.swift in Sources */ = {isa = PBXBuildFile; fileRef = 9984DC7B2224CDD9002BD72D /* LoginResponse.swift */; };
		99DC9031223DD509007B5C86 /* StudentModel.swift in Sources */ = {isa = PBXBuildFile; fileRef = 99DC9030223DD509007B5C86 /* StudentModel.swift */; };
/* End PBXBuildFile section */

/* Begin PBXFileReference section */
		992B4DB722237F0F0011D05B /* StudentLocationRecord.swift */ = {isa = PBXFileReference; lastKnownFileType = sourcecode.swift; path = StudentLocationRecord.swift; sourceTree = "<group>"; };
		992B4DB922237FB90011D05B /* StudentsLocationsResponse.swift */ = {isa = PBXFileReference; lastKnownFileType = sourcecode.swift; path = StudentsLocationsResponse.swift; sourceTree = "<group>"; };
		992B4DBB222380250011D05B /* ParsePostResponse.swift */ = {isa = PBXFileReference; lastKnownFileType = sourcecode.swift; path = ParsePostResponse.swift; sourceTree = "<group>"; };
		992B4DBD222380BC0011D05B /* ParseResponse.swift */ = {isa = PBXFileReference; lastKnownFileType = sourcecode.swift; path = ParseResponse.swift; sourceTree = "<group>"; };
		99337D1A2213B66D00BC0AE9 /* ParseClient.swift */ = {isa = PBXFileReference; lastKnownFileType = sourcecode.swift; path = ParseClient.swift; sourceTree = "<group>"; };
		99337D1C2213B8B400BC0AE9 /* StudentLocation.swift */ = {isa = PBXFileReference; lastKnownFileType = sourcecode.swift; path = StudentLocation.swift; sourceTree = "<group>"; };
		99337D212213BDC100BC0AE9 /* UdacityClient.swift */ = {isa = PBXFileReference; lastKnownFileType = sourcecode.swift; path = UdacityClient.swift; sourceTree = "<group>"; };
		99337D232213BF1900BC0AE9 /* LoginRequest.swift */ = {isa = PBXFileReference; lastKnownFileType = sourcecode.swift; path = LoginRequest.swift; sourceTree = "<group>"; };
		996BFE662239E9D8002B2D58 /* MapViewController.swift */ = {isa = PBXFileReference; lastKnownFileType = sourcecode.swift; path = MapViewController.swift; sourceTree = "<group>"; };
		9972A6D12210F2C5001BB7CB /* On the Map.app */ = {isa = PBXFileReference; explicitFileType = wrapper.application; includeInIndex = 0; path = "On the Map.app"; sourceTree = BUILT_PRODUCTS_DIR; };
		9972A6D42210F2C5001BB7CB /* AppDelegate.swift */ = {isa = PBXFileReference; lastKnownFileType = sourcecode.swift; path = AppDelegate.swift; sourceTree = "<group>"; };
		9972A6D62210F2C5001BB7CB /* LoginViewController.swift */ = {isa = PBXFileReference; lastKnownFileType = sourcecode.swift; path = LoginViewController.swift; sourceTree = "<group>"; };
		9972A6D92210F2C5001BB7CB /* Base */ = {isa = PBXFileReference; lastKnownFileType = file.storyboard; name = Base; path = Base.lproj/Main.storyboard; sourceTree = "<group>"; };
		9972A6DB2210F2C7001BB7CB /* Assets.xcassets */ = {isa = PBXFileReference; lastKnownFileType = folder.assetcatalog; path = Assets.xcassets; sourceTree = "<group>"; };
		9972A6DE2210F2C7001BB7CB /* Base */ = {isa = PBXFileReference; lastKnownFileType = file.storyboard; name = Base; path = Base.lproj/LaunchScreen.storyboard; sourceTree = "<group>"; };
		9972A6E02210F2C7001BB7CB /* Info.plist */ = {isa = PBXFileReference; lastKnownFileType = text.plist.xml; path = Info.plist; sourceTree = "<group>"; };
		9984DC7B2224CDD9002BD72D /* LoginResponse.swift */ = {isa = PBXFileReference; lastKnownFileType = sourcecode.swift; path = LoginResponse.swift; sourceTree = "<group>"; };
		99DC9030223DD509007B5C86 /* StudentModel.swift */ = {isa = PBXFileReference; lastKnownFileType = sourcecode.swift; path = StudentModel.swift; sourceTree = "<group>"; };
/* End PBXFileReference section */

/* Begin PBXFrameworksBuildPhase section */
		9972A6CE2210F2C5001BB7CB /* Frameworks */ = {
			isa = PBXFrameworksBuildPhase;
			buildActionMask = 2147483647;
			files = (
			);
			runOnlyForDeploymentPostprocessing = 0;
		};
/* End PBXFrameworksBuildPhase section */

/* Begin PBXGroup section */
		99337D172213B5F400BC0AE9 /* Parse Client */ = {
			isa = PBXGroup;
			children = (
				99337D1A2213B66D00BC0AE9 /* ParseClient.swift */,
				99337D1C2213B8B400BC0AE9 /* StudentLocation.swift */,
				992B4DB722237F0F0011D05B /* StudentLocationRecord.swift */,
			);
			path = "Parse Client";
			sourceTree = "<group>";
		};
		99337D192213B61800BC0AE9 /* Parse Responses */ = {
			isa = PBXGroup;
			children = (
				992B4DB922237FB90011D05B /* StudentsLocationsResponse.swift */,
				992B4DBB222380250011D05B /* ParsePostResponse.swift */,
				992B4DBD222380BC0011D05B /* ParseResponse.swift */,
			);
			path = "Parse Responses";
			sourceTree = "<group>";
		};
		99337D1E2213BD0000BC0AE9 /* Udacity Responses */ = {
			isa = PBXGroup;
			children = (
				9984DC7B2224CDD9002BD72D /* LoginResponse.swift */,
			);
			path = "Udacity Responses";
			sourceTree = "<group>";
		};
		99337D1F2213BD0500BC0AE9 /* Udacity Requests */ = {
			isa = PBXGroup;
			children = (
				99337D232213BF1900BC0AE9 /* LoginRequest.swift */,
			);
			path = "Udacity Requests";
			sourceTree = "<group>";
		};
		99337D202213BD0800BC0AE9 /* Udacity Client */ = {
			isa = PBXGroup;
			children = (
				99337D212213BDC100BC0AE9 /* UdacityClient.swift */,
			);
			path = "Udacity Client";
			sourceTree = "<group>";
		};
		9972A6C82210F2C5001BB7CB = {
			isa = PBXGroup;
			children = (
				9972A6D32210F2C5001BB7CB /* On the Map */,
				9972A6D22210F2C5001BB7CB /* Products */,
			);
			sourceTree = "<group>";
		};
		9972A6D22210F2C5001BB7CB /* Products */ = {
			isa = PBXGroup;
			children = (
				9972A6D12210F2C5001BB7CB /* On the Map.app */,
			);
			name = Products;
			sourceTree = "<group>";
		};
		9972A6D32210F2C5001BB7CB /* On the Map */ = {
			isa = PBXGroup;
			children = (
				9972A6E02210F2C7001BB7CB /* Info.plist */,
				9972A6D42210F2C5001BB7CB /* AppDelegate.swift */,
				9972A6E72210F351001BB7CB /* Model */,
				9972A6E82210F35C001BB7CB /* View */,
				9972A6E92210F375001BB7CB /* Controller */,
				9972A6E62210F311001BB7CB /* Assets */,
			);
			path = "On the Map";
			sourceTree = "<group>";
		};
		9972A6E62210F311001BB7CB /* Assets */ = {
			isa = PBXGroup;
			children = (
				9972A6D82210F2C5001BB7CB /* Main.storyboard */,
				9972A6DB2210F2C7001BB7CB /* Assets.xcassets */,
				9972A6DD2210F2C7001BB7CB /* LaunchScreen.storyboard */,
			);
			path = Assets;
			sourceTree = "<group>";
		};
		9972A6E72210F351001BB7CB /* Model */ = {
			isa = PBXGroup;
			children = (
				99DC902F223DD4B7007B5C86 /* Data */,
				99337D202213BD0800BC0AE9 /* Udacity Client */,
				99337D1F2213BD0500BC0AE9 /* Udacity Requests */,
				99337D1E2213BD0000BC0AE9 /* Udacity Responses */,
				99337D172213B5F400BC0AE9 /* Parse Client */,
				99337D192213B61800BC0AE9 /* Parse Responses */,
			);
			path = Model;
			sourceTree = "<group>";
		};
		9972A6E82210F35C001BB7CB /* View */ = {
			isa = PBXGroup;
			children = (
			);
			path = View;
			sourceTree = "<group>";
		};
		9972A6E92210F375001BB7CB /* Controller */ = {
			isa = PBXGroup;
			children = (
				9972A6D62210F2C5001BB7CB /* LoginViewController.swift */,
				996BFE662239E9D8002B2D58 /* MapViewController.swift */,
			);
			path = Controller;
			sourceTree = "<group>";
		};
		99DC902F223DD4B7007B5C86 /* Data */ = {
			isa = PBXGroup;
			children = (
				99DC9030223DD509007B5C86 /* StudentModel.swift */,
			);
			path = Data;
			sourceTree = "<group>";
		};
/* End PBXGroup section */

/* Begin PBXNativeTarget section */
		9972A6D02210F2C5001BB7CB /* On the Map */ = {
			isa = PBXNativeTarget;
			buildConfigurationList = 9972A6E32210F2C7001BB7CB /* Build configuration list for PBXNativeTarget "On the Map" */;
			buildPhases = (
				9972A6CD2210F2C5001BB7CB /* Sources */,
				9972A6CE2210F2C5001BB7CB /* Frameworks */,
				9972A6CF2210F2C5001BB7CB /* Resources */,
			);
			buildRules = (
			);
			dependencies = (
			);
			name = "On the Map";
			productName = "On the Map";
			productReference = 9972A6D12210F2C5001BB7CB /* On the Map.app */;
			productType = "com.apple.product-type.application";
		};
/* End PBXNativeTarget section */

/* Begin PBXProject section */
		9972A6C92210F2C5001BB7CB /* Project object */ = {
			isa = PBXProject;
			attributes = {
				LastSwiftUpdateCheck = 1010;
				LastUpgradeCheck = 1010;
				ORGANIZATIONNAME = "John Berndt";
				TargetAttributes = {
					9972A6D02210F2C5001BB7CB = {
						CreatedOnToolsVersion = 10.1;
					};
				};
			};
			buildConfigurationList = 9972A6CC2210F2C5001BB7CB /* Build configuration list for PBXProject "On the Map" */;
			compatibilityVersion = "Xcode 9.3";
			developmentRegion = en;
			hasScannedForEncodings = 0;
			knownRegions = (
				en,
				Base,
			);
			mainGroup = 9972A6C82210F2C5001BB7CB;
			productRefGroup = 9972A6D22210F2C5001BB7CB /* Products */;
			projectDirPath = "";
			projectRoot = "";
			targets = (
				9972A6D02210F2C5001BB7CB /* On the Map */,
			);
		};
/* End PBXProject section */

/* Begin PBXResourcesBuildPhase section */
		9972A6CF2210F2C5001BB7CB /* Resources */ = {
			isa = PBXResourcesBuildPhase;
			buildActionMask = 2147483647;
			files = (
				9972A6DF2210F2C7001BB7CB /* LaunchScreen.storyboard in Resources */,
				9972A6DC2210F2C7001BB7CB /* Assets.xcassets in Resources */,
				9972A6DA2210F2C5001BB7CB /* Main.storyboard in Resources */,
			);
			runOnlyForDeploymentPostprocessing = 0;
		};
/* End PBXResourcesBuildPhase section */

/* Begin PBXSourcesBuildPhase section */
		9972A6CD2210F2C5001BB7CB /* Sources */ = {
			isa = PBXSourcesBuildPhase;
			buildActionMask = 2147483647;
			files = (
				99337D222213BDC100BC0AE9 /* UdacityClient.swift in Sources */,
				99337D1D2213B8B400BC0AE9 /* StudentLocation.swift in Sources */,
				9972A6D72210F2C5001BB7CB /* LoginViewController.swift in Sources */,
				99337D242213BF1900BC0AE9 /* LoginRequest.swift in Sources */,
				992B4DBE222380BC0011D05B /* ParseResponse.swift in Sources */,
				99DC9031223DD509007B5C86 /* StudentModel.swift in Sources */,
				9972A6D52210F2C5001BB7CB /* AppDelegate.swift in Sources */,
				99337D1B2213B66D00BC0AE9 /* ParseClient.swift in Sources */,
				996BFE672239E9D8002B2D58 /* MapViewController.swift in Sources */,
				992B4DBC222380250011D05B /* ParsePostResponse.swift in Sources */,
				992B4DB822237F0F0011D05B /* StudentLocationRecord.swift in Sources */,
				9984DC7C2224CDD9002BD72D /* LoginResponse.swift in Sources */,
				992B4DBA22237FB90011D05B /* StudentsLocationsResponse.swift in Sources */,
			);
			runOnlyForDeploymentPostprocessing = 0;
		};
/* End PBXSourcesBuildPhase section */

/* Begin PBXVariantGroup section */
		9972A6D82210F2C5001BB7CB /* Main.storyboard */ = {
			isa = PBXVariantGroup;
			children = (
				9972A6D92210F2C5001BB7CB /* Base */,
			);
			name = Main.storyboard;
			sourceTree = "<group>";
		};
		9972A6DD2210F2C7001BB7CB /* LaunchScreen.storyboard */ = {
			isa = PBXVariantGroup;
			children = (
				9972A6DE2210F2C7001BB7CB /* Base */,
			);
			name = LaunchScreen.storyboard;
			sourceTree = "<group>";
		};
/* End PBXVariantGroup section */

/* Begin XCBuildConfiguration section */
		9972A6E12210F2C7001BB7CB /* Debug */ = {
			isa = XCBuildConfiguration;
			buildSettings = {
				ALWAYS_SEARCH_USER_PATHS = NO;
				CLANG_ANALYZER_NONNULL = YES;
				CLANG_ANALYZER_NUMBER_OBJECT_CONVERSION = YES_AGGRESSIVE;
				CLANG_CXX_LANGUAGE_STANDARD = "gnu++14";
				CLANG_CXX_LIBRARY = "libc++";
				CLANG_ENABLE_MODULES = YES;
				CLANG_ENABLE_OBJC_ARC = YES;
				CLANG_ENABLE_OBJC_WEAK = YES;
				CLANG_WARN_BLOCK_CAPTURE_AUTORELEASING = YES;
				CLANG_WARN_BOOL_CONVERSION = YES;
				CLANG_WARN_COMMA = YES;
				CLANG_WARN_CONSTANT_CONVERSION = YES;
				CLANG_WARN_DEPRECATED_OBJC_IMPLEMENTATIONS = YES;
				CLANG_WARN_DIRECT_OBJC_ISA_USAGE = YES_ERROR;
				CLANG_WARN_DOCUMENTATION_COMMENTS = YES;
				CLANG_WARN_EMPTY_BODY = YES;
				CLANG_WARN_ENUM_CONVERSION = YES;
				CLANG_WARN_INFINITE_RECURSION = YES;
				CLANG_WARN_INT_CONVERSION = YES;
				CLANG_WARN_NON_LITERAL_NULL_CONVERSION = YES;
				CLANG_WARN_OBJC_IMPLICIT_RETAIN_SELF = YES;
				CLANG_WARN_OBJC_LITERAL_CONVERSION = YES;
				CLANG_WARN_OBJC_ROOT_CLASS = YES_ERROR;
				CLANG_WARN_RANGE_LOOP_ANALYSIS = YES;
				CLANG_WARN_STRICT_PROTOTYPES = YES;
				CLANG_WARN_SUSPICIOUS_MOVE = YES;
				CLANG_WARN_UNGUARDED_AVAILABILITY = YES_AGGRESSIVE;
				CLANG_WARN_UNREACHABLE_CODE = YES;
				CLANG_WARN__DUPLICATE_METHOD_MATCH = YES;
				CODE_SIGN_IDENTITY = "iPhone Developer";
				COPY_PHASE_STRIP = NO;
				DEBUG_INFORMATION_FORMAT = dwarf;
				ENABLE_STRICT_OBJC_MSGSEND = YES;
				ENABLE_TESTABILITY = YES;
				GCC_C_LANGUAGE_STANDARD = gnu11;
				GCC_DYNAMIC_NO_PIC = NO;
				GCC_NO_COMMON_BLOCKS = YES;
				GCC_OPTIMIZATION_LEVEL = 0;
				GCC_PREPROCESSOR_DEFINITIONS = (
					"DEBUG=1",
					"$(inherited)",
				);
				GCC_WARN_64_TO_32_BIT_CONVERSION = YES;
				GCC_WARN_ABOUT_RETURN_TYPE = YES_ERROR;
				GCC_WARN_UNDECLARED_SELECTOR = YES;
				GCC_WARN_UNINITIALIZED_AUTOS = YES_AGGRESSIVE;
				GCC_WARN_UNUSED_FUNCTION = YES;
				GCC_WARN_UNUSED_VARIABLE = YES;
				IPHONEOS_DEPLOYMENT_TARGET = 12.1;
				MTL_ENABLE_DEBUG_INFO = INCLUDE_SOURCE;
				MTL_FAST_MATH = YES;
				ONLY_ACTIVE_ARCH = YES;
				SDKROOT = iphoneos;
				SWIFT_ACTIVE_COMPILATION_CONDITIONS = DEBUG;
				SWIFT_OPTIMIZATION_LEVEL = "-Onone";
			};
			name = Debug;
		};
		9972A6E22210F2C7001BB7CB /* Release */ = {
			isa = XCBuildConfiguration;
			buildSettings = {
				ALWAYS_SEARCH_USER_PATHS = NO;
				CLANG_ANALYZER_NONNULL = YES;
				CLANG_ANALYZER_NUMBER_OBJECT_CONVERSION = YES_AGGRESSIVE;
				CLANG_CXX_LANGUAGE_STANDARD = "gnu++14";
				CLANG_CXX_LIBRARY = "libc++";
				CLANG_ENABLE_MODULES = YES;
				CLANG_ENABLE_OBJC_ARC = YES;
				CLANG_ENABLE_OBJC_WEAK = YES;
				CLANG_WARN_BLOCK_CAPTURE_AUTORELEASING = YES;
				CLANG_WARN_BOOL_CONVERSION = YES;
				CLANG_WARN_COMMA = YES;
				CLANG_WARN_CONSTANT_CONVERSION = YES;
				CLANG_WARN_DEPRECATED_OBJC_IMPLEMENTATIONS = YES;
				CLANG_WARN_DIRECT_OBJC_ISA_USAGE = YES_ERROR;
				CLANG_WARN_DOCUMENTATION_COMMENTS = YES;
				CLANG_WARN_EMPTY_BODY = YES;
				CLANG_WARN_ENUM_CONVERSION = YES;
				CLANG_WARN_INFINITE_RECURSION = YES;
				CLANG_WARN_INT_CONVERSION = YES;
				CLANG_WARN_NON_LITERAL_NULL_CONVERSION = YES;
				CLANG_WARN_OBJC_IMPLICIT_RETAIN_SELF = YES;
				CLANG_WARN_OBJC_LITERAL_CONVERSION = YES;
				CLANG_WARN_OBJC_ROOT_CLASS = YES_ERROR;
				CLANG_WARN_RANGE_LOOP_ANALYSIS = YES;
				CLANG_WARN_STRICT_PROTOTYPES = YES;
				CLANG_WARN_SUSPICIOUS_MOVE = YES;
				CLANG_WARN_UNGUARDED_AVAILABILITY = YES_AGGRESSIVE;
				CLANG_WARN_UNREACHABLE_CODE = YES;
				CLANG_WARN__DUPLICATE_METHOD_MATCH = YES;
				CODE_SIGN_IDENTITY = "iPhone Developer";
				COPY_PHASE_STRIP = NO;
				DEBUG_INFORMATION_FORMAT = "dwarf-with-dsym";
				ENABLE_NS_ASSERTIONS = NO;
				ENABLE_STRICT_OBJC_MSGSEND = YES;
				GCC_C_LANGUAGE_STANDARD = gnu11;
				GCC_NO_COMMON_BLOCKS = YES;
				GCC_WARN_64_TO_32_BIT_CONVERSION = YES;
				GCC_WARN_ABOUT_RETURN_TYPE = YES_ERROR;
				GCC_WARN_UNDECLARED_SELECTOR = YES;
				GCC_WARN_UNINITIALIZED_AUTOS = YES_AGGRESSIVE;
				GCC_WARN_UNUSED_FUNCTION = YES;
				GCC_WARN_UNUSED_VARIABLE = YES;
				IPHONEOS_DEPLOYMENT_TARGET = 12.1;
				MTL_ENABLE_DEBUG_INFO = NO;
				MTL_FAST_MATH = YES;
				SDKROOT = iphoneos;
				SWIFT_COMPILATION_MODE = wholemodule;
				SWIFT_OPTIMIZATION_LEVEL = "-O";
				VALIDATE_PRODUCT = YES;
			};
			name = Release;
		};
		9972A6E42210F2C7001BB7CB /* Debug */ = {
			isa = XCBuildConfiguration;
			buildSettings = {
				ASSETCATALOG_COMPILER_APPICON_NAME = AppIcon;
				CODE_SIGN_STYLE = Automatic;
				DEVELOPMENT_TEAM = 7ZV758UL5V;
				INFOPLIST_FILE = "On the Map/Info.plist";
				LD_RUNPATH_SEARCH_PATHS = (
					"$(inherited)",
					"@executable_path/Frameworks",
				);
				PRODUCT_BUNDLE_IDENTIFIER = "com.siegersoft.On-the-Map";
				PRODUCT_NAME = "$(TARGET_NAME)";
				SWIFT_VERSION = 4.2;
				TARGETED_DEVICE_FAMILY = "1,2";
			};
			name = Debug;
		};
		9972A6E52210F2C7001BB7CB /* Release */ = {
			isa = XCBuildConfiguration;
			buildSettings = {
				ASSETCATALOG_COMPILER_APPICON_NAME = AppIcon;
				CODE_SIGN_STYLE = Automatic;
				DEVELOPMENT_TEAM = 7ZV758UL5V;
				INFOPLIST_FILE = "On the Map/Info.plist";
				LD_RUNPATH_SEARCH_PATHS = (
					"$(inherited)",
					"@executable_path/Frameworks",
				);
				PRODUCT_BUNDLE_IDENTIFIER = "com.siegersoft.On-the-Map";
				PRODUCT_NAME = "$(TARGET_NAME)";
				SWIFT_VERSION = 4.2;
				TARGETED_DEVICE_FAMILY = "1,2";
			};
			name = Release;
		};
/* End XCBuildConfiguration section */

/* Begin XCConfigurationList section */
		9972A6CC2210F2C5001BB7CB /* Build configuration list for PBXProject "On the Map" */ = {
			isa = XCConfigurationList;
			buildConfigurations = (
				9972A6E12210F2C7001BB7CB /* Debug */,
				9972A6E22210F2C7001BB7CB /* Release */,
			);
			defaultConfigurationIsVisible = 0;
			defaultConfigurationName = Release;
		};
		9972A6E32210F2C7001BB7CB /* Build configuration list for PBXNativeTarget "On the Map" */ = {
			isa = XCConfigurationList;
			buildConfigurations = (
				9972A6E42210F2C7001BB7CB /* Debug */,
				9972A6E52210F2C7001BB7CB /* Release */,
			);
			defaultConfigurationIsVisible = 0;
			defaultConfigurationName = Release;
		};
/* End XCConfigurationList section */
	};
	rootObject = 9972A6C92210F2C5001BB7CB /* Project object */;
}
